// !$*UTF8*$!
{
	archiveVersion = 1;
	classes = {
	};
	objectVersion = 46;
	objects = {

/* Begin PBXBuildFile section */
		D799FA5E193AC63200BA0B06 /* Foundation.framework in Frameworks */ = {isa = PBXBuildFile; fileRef = D799FA5D193AC63200BA0B06 /* Foundation.framework */; };
		D799FA60193AC63200BA0B06 /* CoreGraphics.framework in Frameworks */ = {isa = PBXBuildFile; fileRef = D799FA5F193AC63200BA0B06 /* CoreGraphics.framework */; };
		D799FA62193AC63200BA0B06 /* UIKit.framework in Frameworks */ = {isa = PBXBuildFile; fileRef = D799FA61193AC63200BA0B06 /* UIKit.framework */; };
		D799FA68193AC63200BA0B06 /* InfoPlist.strings in Resources */ = {isa = PBXBuildFile; fileRef = D799FA66193AC63200BA0B06 /* InfoPlist.strings */; };
		D799FA6A193AC63200BA0B06 /* main.m in Sources */ = {isa = PBXBuildFile; fileRef = D799FA69193AC63200BA0B06 /* main.m */; };
		D799FA6E193AC63200BA0B06 /* AppDelegate.m in Sources */ = {isa = PBXBuildFile; fileRef = D799FA6D193AC63200BA0B06 /* AppDelegate.m */; };
		D799FA71193AC63200BA0B06 /* Main.storyboard in Resources */ = {isa = PBXBuildFile; fileRef = D799FA6F193AC63200BA0B06 /* Main.storyboard */; };
		D799FA74193AC63200BA0B06 /* ViewController.m in Sources */ = {isa = PBXBuildFile; fileRef = D799FA73193AC63200BA0B06 /* ViewController.m */; };
		D799FA76193AC63200BA0B06 /* Images.xcassets in Resources */ = {isa = PBXBuildFile; fileRef = D799FA75193AC63200BA0B06 /* Images.xcassets */; };
		D799FA7D193AC63200BA0B06 /* XCTest.framework in Frameworks */ = {isa = PBXBuildFile; fileRef = D799FA7C193AC63200BA0B06 /* XCTest.framework */; };
		D799FA7E193AC63200BA0B06 /* Foundation.framework in Frameworks */ = {isa = PBXBuildFile; fileRef = D799FA5D193AC63200BA0B06 /* Foundation.framework */; };
		D799FA7F193AC63200BA0B06 /* UIKit.framework in Frameworks */ = {isa = PBXBuildFile; fileRef = D799FA61193AC63200BA0B06 /* UIKit.framework */; };
		D799FA87193AC63200BA0B06 /* InfoPlist.strings in Resources */ = {isa = PBXBuildFile; fileRef = D799FA85193AC63200BA0B06 /* InfoPlist.strings */; };
		D799FA89193AC63200BA0B06 /* ZXImageViewerDemoTests.m in Sources */ = {isa = PBXBuildFile; fileRef = D799FA88193AC63200BA0B06 /* ZXImageViewerDemoTests.m */; };
		D799FA98193AC70D00BA0B06 /* ZXImageViewerViewController.m in Sources */ = {isa = PBXBuildFile; fileRef = D799FA97193AC70D00BA0B06 /* ZXImageViewerViewController.m */; };
		D799FA9C193AC89000BA0B06 /* FrameAccessor.m in Sources */ = {isa = PBXBuildFile; fileRef = D799FA9B193AC89000BA0B06 /* FrameAccessor.m */; };
/* End PBXBuildFile section */

/* Begin PBXContainerItemProxy section */
		D799FA80193AC63200BA0B06 /* PBXContainerItemProxy */ = {
			isa = PBXContainerItemProxy;
			containerPortal = D799FA52193AC63200BA0B06 /* Project object */;
			proxyType = 1;
			remoteGlobalIDString = D799FA59193AC63200BA0B06;
			remoteInfo = ZXImageViewerDemo;
		};
/* End PBXContainerItemProxy section */

/* Begin PBXFileReference section */
		D799FA5A193AC63200BA0B06 /* ZXImageViewerDemo.app */ = {isa = PBXFileReference; explicitFileType = wrapper.application; includeInIndex = 0; path = ZXImageViewerDemo.app; sourceTree = BUILT_PRODUCTS_DIR; };
		D799FA5D193AC63200BA0B06 /* Foundation.framework */ = {isa = PBXFileReference; lastKnownFileType = wrapper.framework; name = Foundation.framework; path = System/Library/Frameworks/Foundation.framework; sourceTree = SDKROOT; };
		D799FA5F193AC63200BA0B06 /* CoreGraphics.framework */ = {isa = PBXFileReference; lastKnownFileType = wrapper.framework; name = CoreGraphics.framework; path = System/Library/Frameworks/CoreGraphics.framework; sourceTree = SDKROOT; };
		D799FA61193AC63200BA0B06 /* UIKit.framework */ = {isa = PBXFileReference; lastKnownFileType = wrapper.framework; name = UIKit.framework; path = System/Library/Frameworks/UIKit.framework; sourceTree = SDKROOT; };
		D799FA65193AC63200BA0B06 /* ZXImageViewerDemo-Info.plist */ = {isa = PBXFileReference; lastKnownFileType = text.plist.xml; path = "ZXImageViewerDemo-Info.plist"; sourceTree = "<group>"; };
		D799FA67193AC63200BA0B06 /* en */ = {isa = PBXFileReference; lastKnownFileType = text.plist.strings; name = en; path = en.lproj/InfoPlist.strings; sourceTree = "<group>"; };
		D799FA69193AC63200BA0B06 /* main.m */ = {isa = PBXFileReference; lastKnownFileType = sourcecode.c.objc; path = main.m; sourceTree = "<group>"; };
		D799FA6B193AC63200BA0B06 /* ZXImageViewerDemo-Prefix.pch */ = {isa = PBXFileReference; lastKnownFileType = sourcecode.c.h; path = "ZXImageViewerDemo-Prefix.pch"; sourceTree = "<group>"; };
		D799FA6C193AC63200BA0B06 /* AppDelegate.h */ = {isa = PBXFileReference; lastKnownFileType = sourcecode.c.h; path = AppDelegate.h; sourceTree = "<group>"; };
		D799FA6D193AC63200BA0B06 /* AppDelegate.m */ = {isa = PBXFileReference; lastKnownFileType = sourcecode.c.objc; path = AppDelegate.m; sourceTree = "<group>"; };
		D799FA70193AC63200BA0B06 /* Base */ = {isa = PBXFileReference; lastKnownFileType = file.storyboard; name = Base; path = Base.lproj/Main.storyboard; sourceTree = "<group>"; };
		D799FA72193AC63200BA0B06 /* ViewController.h */ = {isa = PBXFileReference; lastKnownFileType = sourcecode.c.h; path = ViewController.h; sourceTree = "<group>"; };
		D799FA73193AC63200BA0B06 /* ViewController.m */ = {isa = PBXFileReference; lastKnownFileType = sourcecode.c.objc; path = ViewController.m; sourceTree = "<group>"; };
		D799FA75193AC63200BA0B06 /* Images.xcassets */ = {isa = PBXFileReference; lastKnownFileType = folder.assetcatalog; path = Images.xcassets; sourceTree = "<group>"; };
		D799FA7B193AC63200BA0B06 /* ZXImageViewerDemoTests.xctest */ = {isa = PBXFileReference; explicitFileType = wrapper.cfbundle; includeInIndex = 0; path = ZXImageViewerDemoTests.xctest; sourceTree = BUILT_PRODUCTS_DIR; };
		D799FA7C193AC63200BA0B06 /* XCTest.framework */ = {isa = PBXFileReference; lastKnownFileType = wrapper.framework; name = XCTest.framework; path = Library/Frameworks/XCTest.framework; sourceTree = DEVELOPER_DIR; };
		D799FA84193AC63200BA0B06 /* ZXImageViewerDemoTests-Info.plist */ = {isa = PBXFileReference; lastKnownFileType = text.plist.xml; path = "ZXImageViewerDemoTests-Info.plist"; sourceTree = "<group>"; };
		D799FA86193AC63200BA0B06 /* en */ = {isa = PBXFileReference; lastKnownFileType = text.plist.strings; name = en; path = en.lproj/InfoPlist.strings; sourceTree = "<group>"; };
		D799FA88193AC63200BA0B06 /* ZXImageViewerDemoTests.m */ = {isa = PBXFileReference; lastKnownFileType = sourcecode.c.objc; path = ZXImageViewerDemoTests.m; sourceTree = "<group>"; };
		D799FA96193AC70D00BA0B06 /* ZXImageViewerViewController.h */ = {isa = PBXFileReference; fileEncoding = 4; lastKnownFileType = sourcecode.c.h; path = ZXImageViewerViewController.h; sourceTree = "<group>"; };
		D799FA97193AC70D00BA0B06 /* ZXImageViewerViewController.m */ = {isa = PBXFileReference; fileEncoding = 4; lastKnownFileType = sourcecode.c.objc; path = ZXImageViewerViewController.m; sourceTree = "<group>"; };
		D799FA9A193AC89000BA0B06 /* FrameAccessor.h */ = {isa = PBXFileReference; fileEncoding = 4; lastKnownFileType = sourcecode.c.h; path = FrameAccessor.h; sourceTree = "<group>"; };
		D799FA9B193AC89000BA0B06 /* FrameAccessor.m */ = {isa = PBXFileReference; fileEncoding = 4; lastKnownFileType = sourcecode.c.objc; path = FrameAccessor.m; sourceTree = "<group>"; };
/* End PBXFileReference section */

/* Begin PBXFrameworksBuildPhase section */
		D799FA57193AC63200BA0B06 /* Frameworks */ = {
			isa = PBXFrameworksBuildPhase;
			buildActionMask = 2147483647;
			files = (
				D799FA60193AC63200BA0B06 /* CoreGraphics.framework in Frameworks */,
				D799FA62193AC63200BA0B06 /* UIKit.framework in Frameworks */,
				D799FA5E193AC63200BA0B06 /* Foundation.framework in Frameworks */,
			);
			runOnlyForDeploymentPostprocessing = 0;
		};
		D799FA78193AC63200BA0B06 /* Frameworks */ = {
			isa = PBXFrameworksBuildPhase;
			buildActionMask = 2147483647;
			files = (
				D799FA7D193AC63200BA0B06 /* XCTest.framework in Frameworks */,
				D799FA7F193AC63200BA0B06 /* UIKit.framework in Frameworks */,
				D799FA7E193AC63200BA0B06 /* Foundation.framework in Frameworks */,
			);
			runOnlyForDeploymentPostprocessing = 0;
		};
/* End PBXFrameworksBuildPhase section */

/* Begin PBXGroup section */
		D799FA51193AC63200BA0B06 = {
			isa = PBXGroup;
			children = (
				D799FA99193AC89000BA0B06 /* Helper */,
				D799FA92193AC63D00BA0B06 /* ZXImageViewer */,
				D799FA63193AC63200BA0B06 /* ZXImageViewerDemo */,
				D799FA82193AC63200BA0B06 /* ZXImageViewerDemoTests */,
				D799FA5C193AC63200BA0B06 /* Frameworks */,
				D799FA5B193AC63200BA0B06 /* Products */,
			);
			sourceTree = "<group>";
		};
		D799FA5B193AC63200BA0B06 /* Products */ = {
			isa = PBXGroup;
			children = (
				D799FA5A193AC63200BA0B06 /* ZXImageViewerDemo.app */,
				D799FA7B193AC63200BA0B06 /* ZXImageViewerDemoTests.xctest */,
			);
			name = Products;
			sourceTree = "<group>";
		};
		D799FA5C193AC63200BA0B06 /* Frameworks */ = {
			isa = PBXGroup;
			children = (
				D799FA5D193AC63200BA0B06 /* Foundation.framework */,
				D799FA5F193AC63200BA0B06 /* CoreGraphics.framework */,
				D799FA61193AC63200BA0B06 /* UIKit.framework */,
				D799FA7C193AC63200BA0B06 /* XCTest.framework */,
			);
			name = Frameworks;
			sourceTree = "<group>";
		};
		D799FA63193AC63200BA0B06 /* ZXImageViewerDemo */ = {
			isa = PBXGroup;
			children = (
				D799FA6C193AC63200BA0B06 /* AppDelegate.h */,
				D799FA6D193AC63200BA0B06 /* AppDelegate.m */,
				D799FA6F193AC63200BA0B06 /* Main.storyboard */,
				D799FA72193AC63200BA0B06 /* ViewController.h */,
				D799FA73193AC63200BA0B06 /* ViewController.m */,
				D799FA75193AC63200BA0B06 /* Images.xcassets */,
				D799FA64193AC63200BA0B06 /* Supporting Files */,
			);
			path = ZXImageViewerDemo;
			sourceTree = "<group>";
		};
		D799FA64193AC63200BA0B06 /* Supporting Files */ = {
			isa = PBXGroup;
			children = (
				D799FA65193AC63200BA0B06 /* ZXImageViewerDemo-Info.plist */,
				D799FA66193AC63200BA0B06 /* InfoPlist.strings */,
				D799FA69193AC63200BA0B06 /* main.m */,
				D799FA6B193AC63200BA0B06 /* ZXImageViewerDemo-Prefix.pch */,
			);
			name = "Supporting Files";
			sourceTree = "<group>";
		};
		D799FA82193AC63200BA0B06 /* ZXImageViewerDemoTests */ = {
			isa = PBXGroup;
			children = (
				D799FA88193AC63200BA0B06 /* ZXImageViewerDemoTests.m */,
				D799FA83193AC63200BA0B06 /* Supporting Files */,
			);
			path = ZXImageViewerDemoTests;
			sourceTree = "<group>";
		};
		D799FA83193AC63200BA0B06 /* Supporting Files */ = {
			isa = PBXGroup;
			children = (
				D799FA84193AC63200BA0B06 /* ZXImageViewerDemoTests-Info.plist */,
				D799FA85193AC63200BA0B06 /* InfoPlist.strings */,
			);
			name = "Supporting Files";
			sourceTree = "<group>";
		};
		D799FA92193AC63D00BA0B06 /* ZXImageViewer */ = {
			isa = PBXGroup;
			children = (
				D799FA96193AC70D00BA0B06 /* ZXImageViewerViewController.h */,
				D799FA97193AC70D00BA0B06 /* ZXImageViewerViewController.m */,
			);
			name = ZXImageViewer;
			path = ../ZXImageViewer;
			sourceTree = "<group>";
		};
		D799FA99193AC89000BA0B06 /* Helper */ = {
			isa = PBXGroup;
			children = (
				D799FA9A193AC89000BA0B06 /* FrameAccessor.h */,
				D799FA9B193AC89000BA0B06 /* FrameAccessor.m */,
			);
			name = Helper;
			path = ../Helper;
			sourceTree = "<group>";
		};
/* End PBXGroup section */

/* Begin PBXNativeTarget section */
		D799FA59193AC63200BA0B06 /* ZXImageViewerDemo */ = {
			isa = PBXNativeTarget;
			buildConfigurationList = D799FA8C193AC63200BA0B06 /* Build configuration list for PBXNativeTarget "ZXImageViewerDemo" */;
			buildPhases = (
				D799FA56193AC63200BA0B06 /* Sources */,
				D799FA57193AC63200BA0B06 /* Frameworks */,
				D799FA58193AC63200BA0B06 /* Resources */,
			);
			buildRules = (
			);
			dependencies = (
			);
			name = ZXImageViewerDemo;
			productName = ZXImageViewerDemo;
			productReference = D799FA5A193AC63200BA0B06 /* ZXImageViewerDemo.app */;
			productType = "com.apple.product-type.application";
		};
		D799FA7A193AC63200BA0B06 /* ZXImageViewerDemoTests */ = {
			isa = PBXNativeTarget;
			buildConfigurationList = D799FA8F193AC63200BA0B06 /* Build configuration list for PBXNativeTarget "ZXImageViewerDemoTests" */;
			buildPhases = (
				D799FA77193AC63200BA0B06 /* Sources */,
				D799FA78193AC63200BA0B06 /* Frameworks */,
				D799FA79193AC63200BA0B06 /* Resources */,
			);
			buildRules = (
			);
			dependencies = (
				D799FA81193AC63200BA0B06 /* PBXTargetDependency */,
			);
			name = ZXImageViewerDemoTests;
			productName = ZXImageViewerDemoTests;
			productReference = D799FA7B193AC63200BA0B06 /* ZXImageViewerDemoTests.xctest */;
			productType = "com.apple.product-type.bundle.unit-test";
		};
/* End PBXNativeTarget section */

/* Begin PBXProject section */
		D799FA52193AC63200BA0B06 /* Project object */ = {
			isa = PBXProject;
			attributes = {
				LastUpgradeCheck = 0510;
				ORGANIZATIONNAME = com.zx;
				TargetAttributes = {
					D799FA7A193AC63200BA0B06 = {
						TestTargetID = D799FA59193AC63200BA0B06;
					};
				};
			};
			buildConfigurationList = D799FA55193AC63200BA0B06 /* Build configuration list for PBXProject "ZXImageViewerDemo" */;
			compatibilityVersion = "Xcode 3.2";
			developmentRegion = English;
			hasScannedForEncodings = 0;
			knownRegions = (
				en,
				Base,
			);
			mainGroup = D799FA51193AC63200BA0B06;
			productRefGroup = D799FA5B193AC63200BA0B06 /* Products */;
			projectDirPath = "";
			projectRoot = "";
			targets = (
				D799FA59193AC63200BA0B06 /* ZXImageViewerDemo */,
				D799FA7A193AC63200BA0B06 /* ZXImageViewerDemoTests */,
			);
		};
/* End PBXProject section */

/* Begin PBXResourcesBuildPhase section */
		D799FA58193AC63200BA0B06 /* Resources */ = {
			isa = PBXResourcesBuildPhase;
			buildActionMask = 2147483647;
			files = (
				D799FA76193AC63200BA0B06 /* Images.xcassets in Resources */,
				D799FA68193AC63200BA0B06 /* InfoPlist.strings in Resources */,
				D799FA71193AC63200BA0B06 /* Main.storyboard in Resources */,
			);
			runOnlyForDeploymentPostprocessing = 0;
		};
		D799FA79193AC63200BA0B06 /* Resources */ = {
			isa = PBXResourcesBuildPhase;
			buildActionMask = 2147483647;
			files = (
				D799FA87193AC63200BA0B06 /* InfoPlist.strings in Resources */,
			);
			runOnlyForDeploymentPostprocessing = 0;
		};
/* End PBXResourcesBuildPhase section */

/* Begin PBXSourcesBuildPhase section */
		D799FA56193AC63200BA0B06 /* Sources */ = {
			isa = PBXSourcesBuildPhase;
			buildActionMask = 2147483647;
			files = (
				D799FA9C193AC89000BA0B06 /* FrameAccessor.m in Sources */,
				D799FA74193AC63200BA0B06 /* ViewController.m in Sources */,
				D799FA98193AC70D00BA0B06 /* ZXImageViewerViewController.m in Sources */,
				D799FA6E193AC63200BA0B06 /* AppDelegate.m in Sources */,
				D799FA6A193AC63200BA0B06 /* main.m in Sources */,
			);
			runOnlyForDeploymentPostprocessing = 0;
		};
		D799FA77193AC63200BA0B06 /* Sources */ = {
			isa = PBXSourcesBuildPhase;
			buildActionMask = 2147483647;
			files = (
				D799FA89193AC63200BA0B06 /* ZXImageViewerDemoTests.m in Sources */,
			);
			runOnlyForDeploymentPostprocessing = 0;
		};
/* End PBXSourcesBuildPhase section */

/* Begin PBXTargetDependency section */
		D799FA81193AC63200BA0B06 /* PBXTargetDependency */ = {
			isa = PBXTargetDependency;
			target = D799FA59193AC63200BA0B06 /* ZXImageViewerDemo */;
			targetProxy = D799FA80193AC63200BA0B06 /* PBXContainerItemProxy */;
		};
/* End PBXTargetDependency section */

/* Begin PBXVariantGroup section */
		D799FA66193AC63200BA0B06 /* InfoPlist.strings */ = {
			isa = PBXVariantGroup;
			children = (
				D799FA67193AC63200BA0B06 /* en */,
			);
			name = InfoPlist.strings;
			sourceTree = "<group>";
		};
		D799FA6F193AC63200BA0B06 /* Main.storyboard */ = {
			isa = PBXVariantGroup;
			children = (
				D799FA70193AC63200BA0B06 /* Base */,
			);
			name = Main.storyboard;
			sourceTree = "<group>";
		};
		D799FA85193AC63200BA0B06 /* InfoPlist.strings */ = {
			isa = PBXVariantGroup;
			children = (
				D799FA86193AC63200BA0B06 /* en */,
			);
			name = InfoPlist.strings;
			sourceTree = "<group>";
		};
/* End PBXVariantGroup section */

/* Begin XCBuildConfiguration section */
		D799FA8A193AC63200BA0B06 /* Debug */ = {
			isa = XCBuildConfiguration;
			buildSettings = {
				ALWAYS_SEARCH_USER_PATHS = NO;
				CLANG_CXX_LANGUAGE_STANDARD = "gnu++0x";
				CLANG_CXX_LIBRARY = "libc++";
				CLANG_ENABLE_MODULES = YES;
				CLANG_ENABLE_OBJC_ARC = YES;
				CLANG_WARN_BOOL_CONVERSION = YES;
				CLANG_WARN_CONSTANT_CONVERSION = YES;
				CLANG_WARN_DIRECT_OBJC_ISA_USAGE = YES_ERROR;
				CLANG_WARN_EMPTY_BODY = YES;
				CLANG_WARN_ENUM_CONVERSION = YES;
				CLANG_WARN_INT_CONVERSION = YES;
				CLANG_WARN_OBJC_ROOT_CLASS = YES_ERROR;
				CLANG_WARN__DUPLICATE_METHOD_MATCH = YES;
				"CODE_SIGN_IDENTITY[sdk=iphoneos*]" = "iPhone Developer";
				COPY_PHASE_STRIP = NO;
				GCC_C_LANGUAGE_STANDARD = gnu99;
				GCC_DYNAMIC_NO_PIC = NO;
				GCC_OPTIMIZATION_LEVEL = 0;
				GCC_PREPROCESSOR_DEFINITIONS = (
					"DEBUG=1",
					"$(inherited)",
				);
				GCC_SYMBOLS_PRIVATE_EXTERN = NO;
				GCC_WARN_64_TO_32_BIT_CONVERSION = YES;
				GCC_WARN_ABOUT_RETURN_TYPE = YES_ERROR;
				GCC_WARN_UNDECLARED_SELECTOR = YES;
				GCC_WARN_UNINITIALIZED_AUTOS = YES_AGGRESSIVE;
				GCC_WARN_UNUSED_FUNCTION = YES;
				GCC_WARN_UNUSED_VARIABLE = YES;
				IPHONEOS_DEPLOYMENT_TARGET = 7.1;
				ONLY_ACTIVE_ARCH = YES;
				SDKROOT = iphoneos;
			};
			name = Debug;
		};
		D799FA8B193AC63200BA0B06 /* Release */ = {
			isa = XCBuildConfiguration;
			buildSettings = {
				ALWAYS_SEARCH_USER_PATHS = NO;
				CLANG_CXX_LANGUAGE_STANDARD = "gnu++0x";
				CLANG_CXX_LIBRARY = "libc++";
				CLANG_ENABLE_MODULES = YES;
				CLANG_ENABLE_OBJC_ARC = YES;
				CLANG_WARN_BOOL_CONVERSION = YES;
				CLANG_WARN_CONSTANT_CONVERSION = YES;
				CLANG_WARN_DIRECT_OBJC_ISA_USAGE = YES_ERROR;
				CLANG_WARN_EMPTY_BODY = YES;
				CLANG_WARN_ENUM_CONVERSION = YES;
				CLANG_WARN_INT_CONVERSION = YES;
				CLANG_WARN_OBJC_ROOT_CLASS = YES_ERROR;
				CLANG_WARN__DUPLICATE_METHOD_MATCH = YES;
				"CODE_SIGN_IDENTITY[sdk=iphoneos*]" = "iPhone Developer";
				COPY_PHASE_STRIP = YES;
				ENABLE_NS_ASSERTIONS = NO;
				GCC_C_LANGUAGE_STANDARD = gnu99;
				GCC_WARN_64_TO_32_BIT_CONVERSION = YES;
				GCC_WARN_ABOUT_RETURN_TYPE = YES_ERROR;
				GCC_WARN_UNDECLARED_SELECTOR = YES;
				GCC_WARN_UNINITIALIZED_AUTOS = YES_AGGRESSIVE;
				GCC_WARN_UNUSED_FUNCTION = YES;
				GCC_WARN_UNUSED_VARIABLE = YES;
				IPHONEOS_DEPLOYMENT_TARGET = 7.1;
				SDKROOT = iphoneos;
				VALIDATE_PRODUCT = YES;
			};
			name = Release;
		};
		D799FA8D193AC63200BA0B06 /* Debug */ = {
			isa = XCBuildConfiguration;
			buildSettings = {
				ASSETCATALOG_COMPILER_APPICON_NAME = AppIcon;
				ASSETCATALOG_COMPILER_LAUNCHIMAGE_NAME = LaunchImage;
				GCC_PRECOMPILE_PREFIX_HEADER = YES;
				GCC_PREFIX_HEADER = "ZXImageViewerDemo/ZXImageViewerDemo-Prefix.pch";
				INFOPLIST_FILE = "ZXImageViewerDemo/ZXImageViewerDemo-Info.plist";
				PRODUCT_NAME = "$(TARGET_NAME)";
				WRAPPER_EXTENSION = app;
			};
			name = Debug;
		};
		D799FA8E193AC63200BA0B06 /* Release */ = {
			isa = XCBuildConfiguration;
			buildSettings = {
				ASSETCATALOG_COMPILER_APPICON_NAME = AppIcon;
				ASSETCATALOG_COMPILER_LAUNCHIMAGE_NAME = LaunchImage;
				GCC_PRECOMPILE_PREFIX_HEADER = YES;
				GCC_PREFIX_HEADER = "ZXImageViewerDemo/ZXImageViewerDemo-Prefix.pch";
				INFOPLIST_FILE = "ZXImageViewerDemo/ZXImageViewerDemo-Info.plist";
				PRODUCT_NAME = "$(TARGET_NAME)";
				WRAPPER_EXTENSION = app;
			};
			name = Release;
		};
		D799FA90193AC63200BA0B06 /* Debug */ = {
			isa = XCBuildConfiguration;
			buildSettings = {
				BUNDLE_LOADER = "$(BUILT_PRODUCTS_DIR)/ZXImageViewerDemo.app/ZXImageViewerDemo";
				FRAMEWORK_SEARCH_PATHS = (
					"$(SDKROOT)/Developer/Library/Frameworks",
					"$(inherited)",
					"$(DEVELOPER_FRAMEWORKS_DIR)",
				);
				GCC_PRECOMPILE_PREFIX_HEADER = YES;
				GCC_PREFIX_HEADER = "ZXImageViewerDemo/ZXImageViewerDemo-Prefix.pch";
				GCC_PREPROCESSOR_DEFINITIONS = (
					"DEBUG=1",
					"$(inherited)",
				);
				INFOPLIST_FILE = "ZXImageViewerDemoTests/ZXImageViewerDemoTests-Info.plist";
				PRODUCT_NAME = "$(TARGET_NAME)";
				TEST_HOST = "$(BUNDLE_LOADER)";
				WRAPPER_EXTENSION = xctest;
			};
			name = Debug;
		};
		D799FA91193AC63200BA0B06 /* Release */ = {
			isa = XCBuildConfiguration;
			buildSettings = {
				BUNDLE_LOADER = "$(BUILT_PRODUCTS_DIR)/ZXImageViewerDemo.app/ZXImageViewerDemo";
				FRAMEWORK_SEARCH_PATHS = (
					"$(SDKROOT)/Developer/Library/Frameworks",
					"$(inherited)",
					"$(DEVELOPER_FRAMEWORKS_DIR)",
				);
				GCC_PRECOMPILE_PREFIX_HEADER = YES;
				GCC_PREFIX_HEADER = "ZXImageViewerDemo/ZXImageViewerDemo-Prefix.pch";
				INFOPLIST_FILE = "ZXImageViewerDemoTests/ZXImageViewerDemoTests-Info.plist";
				PRODUCT_NAME = "$(TARGET_NAME)";
				TEST_HOST = "$(BUNDLE_LOADER)";
				WRAPPER_EXTENSION = xctest;
			};
			name = Release;
		};
/* End XCBuildConfiguration section */

/* Begin XCConfigurationList section */
		D799FA55193AC63200BA0B06 /* Build configuration list for PBXProject "ZXImageViewerDemo" */ = {
			isa = XCConfigurationList;
			buildConfigurations = (
				D799FA8A193AC63200BA0B06 /* Debug */,
				D799FA8B193AC63200BA0B06 /* Release */,
			);
			defaultConfigurationIsVisible = 0;
			defaultConfigurationName = Release;
		};
		D799FA8C193AC63200BA0B06 /* Build configuration list for PBXNativeTarget "ZXImageViewerDemo" */ = {
			isa = XCConfigurationList;
			buildConfigurations = (
				D799FA8D193AC63200BA0B06 /* Debug */,
				D799FA8E193AC63200BA0B06 /* Release */,
			);
			defaultConfigurationIsVisible = 0;
		};
		D799FA8F193AC63200BA0B06 /* Build configuration list for PBXNativeTarget "ZXImageViewerDemoTests" */ = {
			isa = XCConfigurationList;
			buildConfigurations = (
				D799FA90193AC63200BA0B06 /* Debug */,
				D799FA91193AC63200BA0B06 /* Release */,
			);
			defaultConfigurationIsVisible = 0;
		};
/* End XCConfigurationList section */
	};
	rootObject = D799FA52193AC63200BA0B06 /* Project object */;
}
